// !$*UTF8*$!
{
	archiveVersion = 1;
	classes = {
	};
	objectVersion = 56;
	objects = {

/* Begin PBXBuildFile section */
		A10000000000000000000001 /* ClipFetchApp.swift in Sources */ = {isa = PBXBuildFile; fileRef = A10000000000000000000011 /* ClipFetchApp.swift */; };
		A10000000000000000000002 /* ContentView.swift in Sources */ = {isa = PBXBuildFile; fileRef = A10000000000000000000012 /* ContentView.swift */; };
		A10000000000000000000003 /* SourceURL.swift in Sources */ = {isa = PBXBuildFile; fileRef = A10000000000000000000013 /* SourceURL.swift */; };
		A10000000000000000000004 /* SourceURLTests.swift in Sources */ = {isa = PBXBuildFile; fileRef = A10000000000000000000014 /* SourceURLTests.swift */; };
		B10000000000000000000001 /* MediaDetails.swift in Sources */ = {isa = PBXBuildFile; fileRef = B10000000000000000000011 /* MediaDetails.swift */; };
		B10000000000000000000002 /* YTDLPInspector.swift in Sources */ = {isa = PBXBuildFile; fileRef = B10000000000000000000012 /* YTDLPInspector.swift */; };
		B10000000000000000000003 /* MediaDetailsTests.swift in Sources */ = {isa = PBXBuildFile; fileRef = B10000000000000000000013 /* MediaDetailsTests.swift */; };
		B10000000000000000000004 /* yt-dlp in Resources */ = {isa = PBXBuildFile; fileRef = B10000000000000000000014 /* yt-dlp */; };
		B10000000000000000000005 /* YTDLPInspectorTests.swift in Sources */ = {isa = PBXBuildFile; fileRef = B10000000000000000000015 /* YTDLPInspectorTests.swift */; };
		C10000000000000000000001 /* YTDLPDownloaderTests.swift in Sources */ = {isa = PBXBuildFile; fileRef = C10000000000000000000011 /* YTDLPDownloaderTests.swift */; };
		C10000000000000000000002 /* YTDLPDownloader.swift in Sources */ = {isa = PBXBuildFile; fileRef = C10000000000000000000012 /* YTDLPDownloader.swift */; };
		C10000000000000000000003 /* ffmpeg in Resources */ = {isa = PBXBuildFile; fileRef = C10000000000000000000013 /* ffmpeg */; };
		D10000000000000000000001 /* ContentViewTests.swift in Sources */ = {isa = PBXBuildFile; fileRef = D10000000000000000000011 /* ContentViewTests.swift */; };
		E10000000000000000000001 /* Assets.xcassets in Resources */ = {isa = PBXBuildFile; fileRef = E10000000000000000000011 /* Assets.xcassets */; };
/* End PBXBuildFile section */

/* Begin PBXFileReference section */
		A10000000000000000000011 /* ClipFetchApp.swift */ = {isa = PBXFileReference; lastKnownFileType = sourcecode.swift; path = ClipFetchApp.swift; sourceTree = "<group>"; };
		A10000000000000000000012 /* ContentView.swift */ = {isa = PBXFileReference; lastKnownFileType = sourcecode.swift; path = ContentView.swift; sourceTree = "<group>"; };
		A10000000000000000000013 /* SourceURL.swift */ = {isa = PBXFileReference; lastKnownFileType = sourcecode.swift; path = SourceURL.swift; sourceTree = "<group>"; };
		A10000000000000000000014 /* SourceURLTests.swift */ = {isa = PBXFileReference; lastKnownFileType = sourcecode.swift; path = SourceURLTests.swift; sourceTree = "<group>"; };
		B10000000000000000000011 /* MediaDetails.swift */ = {isa = PBXFileReference; lastKnownFileType = sourcecode.swift; path = MediaDetails.swift; sourceTree = "<group>"; };
		B10000000000000000000012 /* YTDLPInspector.swift */ = {isa = PBXFileReference; lastKnownFileType = sourcecode.swift; path = YTDLPInspector.swift; sourceTree = "<group>"; };
		B10000000000000000000013 /* MediaDetailsTests.swift */ = {isa = PBXFileReference; lastKnownFileType = sourcecode.swift; path = MediaDetailsTests.swift; sourceTree = "<group>"; };
		B10000000000000000000014 /* yt-dlp */ = {isa = PBXFileReference; lastKnownFileType = file; path = Resources/yt-dlp; sourceTree = "<group>"; };
		B10000000000000000000015 /* YTDLPInspectorTests.swift */ = {isa = PBXFileReference; lastKnownFileType = sourcecode.swift; path = YTDLPInspectorTests.swift; sourceTree = "<group>"; };
		C10000000000000000000011 /* YTDLPDownloaderTests.swift */ = {isa = PBXFileReference; lastKnownFileType = sourcecode.swift; path = YTDLPDownloaderTests.swift; sourceTree = "<group>"; };
		C10000000000000000000012 /* YTDLPDownloader.swift */ = {isa = PBXFileReference; lastKnownFileType = sourcecode.swift; path = YTDLPDownloader.swift; sourceTree = "<group>"; };
		C10000000000000000000013 /* ffmpeg */ = {isa = PBXFileReference; lastKnownFileType = file; path = Resources/ffmpeg; sourceTree = "<group>"; };
		D10000000000000000000011 /* ContentViewTests.swift */ = {isa = PBXFileReference; lastKnownFileType = sourcecode.swift; path = ContentViewTests.swift; sourceTree = "<group>"; };
		E10000000000000000000011 /* Assets.xcassets */ = {isa = PBXFileReference; lastKnownFileType = folder.assetcatalog; path = Assets.xcassets; sourceTree = "<group>"; };
		A10000000000000000000021 /* ClipFetch.app */ = {isa = PBXFileReference; explicitFileType = wrapper.application; includeInIndex = 0; path = ClipFetch.app; sourceTree = BUILT_PRODUCTS_DIR; };
		A10000000000000000000022 /* ClipFetchTests.xctest */ = {isa = PBXFileReference; explicitFileType = wrapper.cfbundle; includeInIndex = 0; path = ClipFetchTests.xctest; sourceTree = BUILT_PRODUCTS_DIR; };
/* End PBXFileReference section */

/* Begin PBXFrameworksBuildPhase section */
		A10000000000000000000031 /* Frameworks */ = {
			isa = PBXFrameworksBuildPhase;
			buildActionMask = 2147483647;
			files = (
			);
			runOnlyForDeploymentPostprocessing = 0;
		};
		A10000000000000000000032 /* Frameworks */ = {
			isa = PBXFrameworksBuildPhase;
			buildActionMask = 2147483647;
			files = (
			);
			runOnlyForDeploymentPostprocessing = 0;
		};
/* End PBXFrameworksBuildPhase section */

/* Begin PBXGroup section */
		A10000000000000000000041 = {
			isa = PBXGroup;
			children = (
				A10000000000000000000042 /* ClipFetch */,
				A10000000000000000000043 /* ClipFetchTests */,
				A10000000000000000000044 /* Products */,
			);
			sourceTree = "<group>";
		};
		A10000000000000000000042 /* ClipFetch */ = {
			isa = PBXGroup;
			children = (
				A10000000000000000000011 /* ClipFetchApp.swift */,
				A10000000000000000000012 /* ContentView.swift */,
				A10000000000000000000013 /* SourceURL.swift */,
				B10000000000000000000011 /* MediaDetails.swift */,
				B10000000000000000000012 /* YTDLPInspector.swift */,
				C10000000000000000000012 /* YTDLPDownloader.swift */,
				E10000000000000000000011 /* Assets.xcassets */,
				B10000000000000000000014 /* yt-dlp */,
				C10000000000000000000013 /* ffmpeg */,
			);
			path = ClipFetch;
			sourceTree = "<group>";
		};
		A10000000000000000000043 /* ClipFetchTests */ = {
			isa = PBXGroup;
			children = (
				A10000000000000000000014 /* SourceURLTests.swift */,
				B10000000000000000000013 /* MediaDetailsTests.swift */,
				B10000000000000000000015 /* YTDLPInspectorTests.swift */,
				C10000000000000000000011 /* YTDLPDownloaderTests.swift */,
				D10000000000000000000011 /* ContentViewTests.swift */,
			);
			path = ClipFetchTests;
			sourceTree = "<group>";
		};
		A10000000000000000000044 /* Products */ = {
			isa = PBXGroup;
			children = (
				A10000000000000000000021 /* ClipFetch.app */,
				A10000000000000000000022 /* ClipFetchTests.xctest */,
			);
			name = Products;
			sourceTree = "<group>";
		};
/* End PBXGroup section */

/* Begin PBXNativeTarget section */
		A10000000000000000000051 /* ClipFetch */ = {
			isa = PBXNativeTarget;
			buildConfigurationList = A10000000000000000000061 /* Build configuration list for PBXNativeTarget "ClipFetch" */;
			buildPhases = (
				A10000000000000000000071 /* Sources */,
				A10000000000000000000031 /* Frameworks */,
				A10000000000000000000081 /* Resources */,
			);
			buildRules = (
			);
			dependencies = (
			);
			name = ClipFetch;
			productName = ClipFetch;
			productReference = A10000000000000000000021 /* ClipFetch.app */;
			productType = "com.apple.product-type.application";
		};
		A10000000000000000000052 /* ClipFetchTests */ = {
			isa = PBXNativeTarget;
			buildConfigurationList = A10000000000000000000062 /* Build configuration list for PBXNativeTarget "ClipFetchTests" */;
			buildPhases = (
				A10000000000000000000072 /* Sources */,
				A10000000000000000000032 /* Frameworks */,
				A10000000000000000000082 /* Resources */,
			);
			buildRules = (
			);
			dependencies = (
				A10000000000000000000091 /* PBXTargetDependency */,
			);
			name = ClipFetchTests;
			productName = ClipFetchTests;
			productReference = A10000000000000000000022 /* ClipFetchTests.xctest */;
			productType = "com.apple.product-type.bundle.unit-test";
		};
/* End PBXNativeTarget section */

/* Begin PBXProject section */
		A100000000000000000000A1 /* Project object */ = {
			isa = PBXProject;
			attributes = {
				BuildIndependentTargetsInParallel = 1;
				LastSwiftUpdateCheck = 2600;
				LastUpgradeCheck = 2600;
				TargetAttributes = {
					A10000000000000000000051 = {
						CreatedOnToolsVersion = 26.0;
					};
					A10000000000000000000052 = {
						CreatedOnToolsVersion = 26.0;
						TestTargetID = A10000000000000000000051;
					};
				};
			};
			buildConfigurationList = A10000000000000000000063 /* Build configuration list for PBXProject "ClipFetch" */;
			compatibilityVersion = "Xcode 14.0";
			developmentRegion = en;
			hasScannedForEncodings = 0;
			knownRegions = (
				en,
				Base,
			);
			mainGroup = A10000000000000000000041;
			productRefGroup = A10000000000000000000044 /* Products */;
			projectDirPath = "";
			projectRoot = "";
			targets = (
				A10000000000000000000051 /* ClipFetch */,
				A10000000000000000000052 /* ClipFetchTests */,
			);
		};
/* End PBXProject section */

/* Begin PBXResourcesBuildPhase section */
		A10000000000000000000081 /* Resources */ = {
			isa = PBXResourcesBuildPhase;
			buildActionMask = 2147483647;
			files = (
				E10000000000000000000001 /* Assets.xcassets in Resources */,
				B10000000000000000000004 /* yt-dlp in Resources */,
				C10000000000000000000003 /* ffmpeg in Resources */,
			);
			runOnlyForDeploymentPostprocessing = 0;
		};
		A10000000000000000000082 /* Resources */ = {
			isa = PBXResourcesBuildPhase;
			buildActionMask = 2147483647;
			files = (
			);
			runOnlyForDeploymentPostprocessing = 0;
		};
/* End PBXResourcesBuildPhase section */

/* Begin PBXSourcesBuildPhase section */
		A10000000000000000000071 /* Sources */ = {
			isa = PBXSourcesBuildPhase;
			buildActionMask = 2147483647;
			files = (
				A10000000000000000000001 /* ClipFetchApp.swift in Sources */,
				A10000000000000000000002 /* ContentView.swift in Sources */,
				A10000000000000000000003 /* SourceURL.swift in Sources */,
				B10000000000000000000001 /* MediaDetails.swift in Sources */,
				B10000000000000000000002 /* YTDLPInspector.swift in Sources */,
				C10000000000000000000002 /* YTDLPDownloader.swift in Sources */,
			);
			runOnlyForDeploymentPostprocessing = 0;
		};
		A10000000000000000000072 /* Sources */ = {
			isa = PBXSourcesBuildPhase;
			buildActionMask = 2147483647;
			files = (
				A10000000000000000000004 /* SourceURLTests.swift in Sources */,
				B10000000000000000000003 /* MediaDetailsTests.swift in Sources */,
				B10000000000000000000005 /* YTDLPInspectorTests.swift in Sources */,
				C10000000000000000000001 /* YTDLPDownloaderTests.swift in Sources */,
				D10000000000000000000001 /* ContentViewTests.swift in Sources */,
			);
			runOnlyForDeploymentPostprocessing = 0;
		};
/* End PBXSourcesBuildPhase section */

/* Begin PBXTargetDependency section */
		A10000000000000000000091 /* PBXTargetDependency */ = {
			isa = PBXTargetDependency;
			target = A10000000000000000000051 /* ClipFetch */;
			targetProxy = A10000000000000000000092 /* PBXContainerItemProxy */;
		};
/* End PBXTargetDependency section */

/* Begin PBXContainerItemProxy section */
		A10000000000000000000092 /* PBXContainerItemProxy */ = {
			isa = PBXContainerItemProxy;
			containerPortal = A100000000000000000000A1 /* Project object */;
			proxyType = 1;
			remoteGlobalIDString = A10000000000000000000051;
			remoteInfo = ClipFetch;
		};
/* End PBXContainerItemProxy section */

/* Begin XCBuildConfiguration section */
		A100000000000000000000B1 /* Debug */ = {
			isa = XCBuildConfiguration;
			buildSettings = {
				CLANG_ENABLE_MODULES = YES;
				CODE_SIGN_IDENTITY = "-";
				MACOSX_DEPLOYMENT_TARGET = 26.0;
				SDKROOT = macosx;
			};
			name = Debug;
		};
		A100000000000000000000B2 /* Release */ = {
			isa = XCBuildConfiguration;
			buildSettings = {
				CLANG_ENABLE_MODULES = YES;
				CODE_SIGN_IDENTITY = "-";
				MACOSX_DEPLOYMENT_TARGET = 26.0;
				SDKROOT = macosx;
			};
			name = Release;
		};
		A100000000000000000000B3 /* Debug */ = {
			isa = XCBuildConfiguration;
			buildSettings = {
				ASSETCATALOG_COMPILER_APPICON_NAME = AppIcon;
				CODE_SIGN_STYLE = Automatic;
				ENABLE_TESTABILITY = YES;
				GENERATE_INFOPLIST_FILE = YES;
				INFOPLIST_KEY_LSApplicationCategoryType = "public.app-category.utilities";
				LD_RUNPATH_SEARCH_PATHS = "$(inherited) @executable_path/../Frameworks";
				MACOSX_DEPLOYMENT_TARGET = 26.0;
				PRODUCT_BUNDLE_IDENTIFIER = com.coletangsy.ClipFetch;
				PRODUCT_NAME = "$(TARGET_NAME)";
				SWIFT_EMIT_LOC_STRINGS = YES;
				SWIFT_OPTIMIZATION_LEVEL = "-Onone";
				SWIFT_VERSION = 5.0;
			};
			name = Debug;
		};
		A100000000000000000000B4 /* Release */ = {
			isa = XCBuildConfiguration;
			buildSettings = {
				ASSETCATALOG_COMPILER_APPICON_NAME = AppIcon;
				CODE_SIGN_STYLE = Automatic;
				GENERATE_INFOPLIST_FILE = YES;
				INFOPLIST_KEY_LSApplicationCategoryType = "public.app-category.utilities";
				LD_RUNPATH_SEARCH_PATHS = "$(inherited) @executable_path/../Frameworks";
				MACOSX_DEPLOYMENT_TARGET = 26.0;
				PRODUCT_BUNDLE_IDENTIFIER = com.coletangsy.ClipFetch;
				PRODUCT_NAME = "$(TARGET_NAME)";
				SWIFT_EMIT_LOC_STRINGS = YES;
				SWIFT_VERSION = 5.0;
			};
			name = Release;
		};
		A100000000000000000000B5 /* Debug */ = {
			isa = XCBuildConfiguration;
			buildSettings = {
				BUNDLE_LOADER = "$(TEST_HOST)";
				CODE_SIGN_STYLE = Automatic;
				GENERATE_INFOPLIST_FILE = YES;
				MACOSX_DEPLOYMENT_TARGET = 26.0;
				PRODUCT_BUNDLE_IDENTIFIER = com.coletangsy.ClipFetchTests;
				PRODUCT_NAME = "$(TARGET_NAME)";
				SWIFT_VERSION = 5.0;
				TEST_HOST = "$(BUILT_PRODUCTS_DIR)/ClipFetch.app/Contents/MacOS/ClipFetch";
			};
			name = Debug;
		};
		A100000000000000000000B6 /* Release */ = {
			isa = XCBuildConfiguration;
			buildSettings = {
				BUNDLE_LOADER = "$(TEST_HOST)";
				CODE_SIGN_STYLE = Automatic;
				GENERATE_INFOPLIST_FILE = YES;
				MACOSX_DEPLOYMENT_TARGET = 26.0;
				PRODUCT_BUNDLE_IDENTIFIER = com.coletangsy.ClipFetchTests;
				PRODUCT_NAME = "$(TARGET_NAME)";
				SWIFT_VERSION = 5.0;
				TEST_HOST = "$(BUILT_PRODUCTS_DIR)/ClipFetch.app/Contents/MacOS/ClipFetch";
			};
			name = Release;
		};
/* End XCBuildConfiguration section */

/* Begin XCConfigurationList section */
		A10000000000000000000061 /* Build configuration list for PBXNativeTarget "ClipFetch" */ = {
			isa = XCConfigurationList;
			buildConfigurations = (
				A100000000000000000000B3 /* Debug */,
				A100000000000000000000B4 /* Release */,
			);
			defaultConfigurationIsVisible = 0;
			defaultConfigurationName = Release;
		};
		A10000000000000000000062 /* Build configuration list for PBXNativeTarget "ClipFetchTests" */ = {
			isa = XCConfigurationList;
			buildConfigurations = (
				A100000000000000000000B5 /* Debug */,
				A100000000000000000000B6 /* Release */,
			);
			defaultConfigurationIsVisible = 0;
			defaultConfigurationName = Release;
		};
		A10000000000000000000063 /* Build configuration list for PBXProject "ClipFetch" */ = {
			isa = XCConfigurationList;
			buildConfigurations = (
				A100000000000000000000B1 /* Debug */,
				A100000000000000000000B2 /* Release */,
			);
			defaultConfigurationIsVisible = 0;
			defaultConfigurationName = Release;
		};
/* End XCConfigurationList section */
	};
	rootObject = A100000000000000000000A1 /* Project object */;
}
